github.com/carbon77/protos v0.1.0 h1:5nwLhtyx22DYZ6/rZa1wzwlVdkCenVjt2h3PyUq/PxE=
github.com/carbon77/protos v0.1.0/go.mod h1:OzHqqiwh0LAtdEAqpRyjCnJGs68QOQn0OXkfg/nne1I=
github.com/carbon77/protos v0.1.1 h1:EtwlSAm4hGdned90XfmdOQheXs/geESzy5NxMutAXio=
github.com/carbon77/protos v0.1.1/go.mod h1:OzHqqiwh0LAtdEAqpRyjCnJGs68QOQn0OXkfg/nne1I=
